{
  "nodes": {
    "my-pkgs": {
      "locked": {
        "lastModified": 1741062418,
        "narHash": "sha256-ZQIIq6kggx5AiTU5Rdy/KtF6uxO1oeSM/mrayKwRxJA=",
        "owner": "hucancode",
        "repo": "nixpkgs",
        "rev": "42540e5e9b8f4cb0164a05754d3e46ae62b68b4b",
        "type": "github"
      },
      "original": {
        "owner": "hucancode",
        "repo": "nixpkgs",
        "type": "github"
      }
    },
    "nixpkgs": {
      "locked": {
        "lastModified": 1741053493,
        "narHash": "sha256-XhGC1qv3MVzX3AzoU6HJC0pbM5X2ztU7eKjn94tIMAU=",
        "owner": "NixOS",
        "repo": "nixpkgs",
        "rev": "2cc9bbf8e50038e99c232ce74bcd44edd1bd8263",
        "type": "github"
      },
      "original": {
        "owner": "NixOS",
        "repo": "nixpkgs",
        "type": "github"
      }
    },
    "root": {
      "inputs": {
        "my-pkgs": "my-pkgs",
        "nixpkgs": "nixpkgs"
      }
    }
  },
  "root": "root",
  "version": 7
}
