{
  "nodes": {
    "my-pkgs": {
      "locked": {
        "lastModified": 1743341145,
        "narHash": "sha256-v9H4lLL/c01QUtO4wYTeyUxIm79cARmo5AgPbjU11jU=",
        "owner": "hucancode",
        "repo": "nixpkgs",
        "rev": "37dc0bf30f46e1ca9779dda705eedf23a1c84d2f",
        "type": "github"
      },
      "original": {
        "owner": "hucancode",
        "repo": "nixpkgs",
        "type": "github"
      }
    },
    "nixpkgs": {
      "locked": {
        "lastModified": 1743343836,
        "narHash": "sha256-mz2NqEzeRVjXdF/9EujQEa1zvnKQSh/wZRIKJ4V9QHQ=",
        "owner": "NixOS",
        "repo": "nixpkgs",
        "rev": "af3e2894571ffb81b620aac90cba72ff4383a608",
        "type": "github"
      },
      "original": {
        "owner": "NixOS",
        "repo": "nixpkgs",
        "type": "github"
      }
    },
    "root": {
      "inputs": {
        "my-pkgs": "my-pkgs",
        "nixpkgs": "nixpkgs"
      }
    }
  },
  "root": "root",
  "version": 7
}
